
Microsoft Visual Studio Solution File, Format Version 12.00
# Visual Studio Version 17
VisualStudioVersion = 17.10.35013.160
MinimumVisualStudioVersion = 10.0.40219.1
Project("{FAE04EC0-301F-11D3-BF4B-00C04F79EFBC}") = "System", "System\System.csproj", "{AB308F4A-BF5A-442D-BCF1-AAE4B6792DCF}"
EndProject
Global
	GlobalSection(SolutionConfigurationPlatforms) = preSolution
		Debug|Any CPU = Debug|Any CPU
		Release|Any CPU = Release|Any CPU
	EndGlobalSection
	GlobalSection(ProjectConfigurationPlatforms) = postSolution
		{AB308F4A-BF5A-442D-BCF1-AAE4B6792DCF}.Debug|Any CPU.ActiveCfg = Debug|Any CPU
		{AB308F4A-BF5A-442D-BCF1-AAE4B6792DCF}.Debug|Any CPU.Build.0 = Debug|Any CPU
		{AB308F4A-BF5A-442D-BCF1-AAE4B6792DCF}.Release|Any CPU.ActiveCfg = Release|Any CPU
		{AB308F4A-BF5A-442D-BCF1-AAE4B6792DCF}.Release|Any CPU.Build.0 = Release|Any CPU
	EndGlobalSection
	GlobalSection(SolutionProperties) = preSolution
		HideSolutionNode = FALSE
	EndGlobalSection
	GlobalSection(ExtensibilityGlobals) = postSolution
		SolutionGuid = {5DC13A68-0D01-496E-AFDC-24290D95EAAB}
	EndGlobalSection
EndGlobal
